
Microsoft Visual Studio Solution File, Format Version 12.00
# Visual Studio Version 16
VisualStudioVersion = 16.0.28803.352
MinimumVisualStudioVersion = 10.0.40219.1
Project("{FAE04EC0-301F-11D3-BF4B-00C04F79EFBC}") = "ApartmentRentProject", "ApartmentRentProject\ApartmentRentProject.csproj", "{298D8834-B95E-404A-8E3C-90118DCE9629}"
EndProject
Global
	GlobalSection(SolutionConfigurationPlatforms) = preSolution
		Debug|Any CPU = Debug|Any CPU
		Release|Any CPU = Release|Any CPU
	EndGlobalSection
	GlobalSection(ProjectConfigurationPlatforms) = postSolution
		{298D8834-B95E-404A-8E3C-90118DCE9629}.Debug|Any CPU.ActiveCfg = Debug|Any CPU
		{298D8834-B95E-404A-8E3C-90118DCE9629}.Debug|Any CPU.Build.0 = Debug|Any CPU
		{298D8834-B95E-404A-8E3C-90118DCE9629}.Release|Any CPU.ActiveCfg = Release|Any CPU
		{298D8834-B95E-404A-8E3C-90118DCE9629}.Release|Any CPU.Build.0 = Release|Any CPU
	EndGlobalSection
	GlobalSection(SolutionProperties) = preSolution
		HideSolutionNode = FALSE
	EndGlobalSection
	GlobalSection(ExtensibilityGlobals) = postSolution
		SolutionGuid = {77A2C17E-0CB9-48B3-9CE6-8D16B8D9A033}
	EndGlobalSection
EndGlobal
